
Microsoft Visual Studio Solution File, Format Version 12.00
# Visual Studio Version 17
VisualStudioVersion = 17.0.31903.59
MinimumVisualStudioVersion = 10.0.40219.1
Project("{FAE04EC0-301F-11D3-BF4B-00C04F79EFBC}") = "FuncDelegation", "FuncDelegation.csproj", "{FEA32F9C-3752-41DA-8429-716C155848E8}"
EndProject
Global
	GlobalSection(SolutionConfigurationPlatforms) = preSolution
		Debug|Any CPU = Debug|Any CPU
		Release|Any CPU = Release|Any CPU
	EndGlobalSection
	GlobalSection(ProjectConfigurationPlatforms) = postSolution
		{FEA32F9C-3752-41DA-8429-716C155848E8}.Debug|Any CPU.ActiveCfg = Debug|Any CPU
		{FEA32F9C-3752-41DA-8429-716C155848E8}.Debug|Any CPU.Build.0 = Debug|Any CPU
		{FEA32F9C-3752-41DA-8429-716C155848E8}.Release|Any CPU.ActiveCfg = Release|Any CPU
		{FEA32F9C-3752-41DA-8429-716C155848E8}.Release|Any CPU.Build.0 = Release|Any CPU
	EndGlobalSection
	GlobalSection(SolutionProperties) = preSolution
		HideSolutionNode = FALSE
	EndGlobalSection
	GlobalSection(ExtensibilityGlobals) = postSolution
		SolutionGuid = {BB2BB11C-E2DB-4697-A47F-137C3F2D63EE}
	EndGlobalSection
EndGlobal
