
Microsoft Visual Studio Solution File, Format Version 12.00
# Visual Studio Version 17
VisualStudioVersion = 17.0.31903.59
MinimumVisualStudioVersion = 10.0.40219.1
Project("{FAE04EC0-301F-11D3-BF4B-00C04F79EFBC}") = "Generic Classes", "Generic Classes.csproj", "{3ACE2CB1-2480-4D57-8907-81AC4E78F332}"
EndProject
Global
	GlobalSection(SolutionConfigurationPlatforms) = preSolution
		Debug|Any CPU = Debug|Any CPU
		Release|Any CPU = Release|Any CPU
	EndGlobalSection
	GlobalSection(ProjectConfigurationPlatforms) = postSolution
		{3ACE2CB1-2480-4D57-8907-81AC4E78F332}.Debug|Any CPU.ActiveCfg = Debug|Any CPU
		{3ACE2CB1-2480-4D57-8907-81AC4E78F332}.Debug|Any CPU.Build.0 = Debug|Any CPU
		{3ACE2CB1-2480-4D57-8907-81AC4E78F332}.Release|Any CPU.ActiveCfg = Release|Any CPU
		{3ACE2CB1-2480-4D57-8907-81AC4E78F332}.Release|Any CPU.Build.0 = Release|Any CPU
	EndGlobalSection
	GlobalSection(SolutionProperties) = preSolution
		HideSolutionNode = FALSE
	EndGlobalSection
	GlobalSection(ExtensibilityGlobals) = postSolution
		SolutionGuid = {8EEF48C4-AAD5-499A-9212-E910B9AEFE4E}
	EndGlobalSection
EndGlobal
