
Microsoft Visual Studio Solution File, Format Version 12.00
# Visual Studio Version 17
VisualStudioVersion = 17.0.31903.59
MinimumVisualStudioVersion = 10.0.40219.1
Project("{FAE04EC0-301F-11D3-BF4B-00C04F79EFBC}") = "Nullable Data Types", "Nullable Data Types.csproj", "{B4F81DC4-8597-48D6-B01F-028AFC730DCA}"
EndProject
Global
	GlobalSection(SolutionConfigurationPlatforms) = preSolution
		Debug|Any CPU = Debug|Any CPU
		Release|Any CPU = Release|Any CPU
	EndGlobalSection
	GlobalSection(ProjectConfigurationPlatforms) = postSolution
		{B4F81DC4-8597-48D6-B01F-028AFC730DCA}.Debug|Any CPU.ActiveCfg = Debug|Any CPU
		{B4F81DC4-8597-48D6-B01F-028AFC730DCA}.Debug|Any CPU.Build.0 = Debug|Any CPU
		{B4F81DC4-8597-48D6-B01F-028AFC730DCA}.Release|Any CPU.ActiveCfg = Release|Any CPU
		{B4F81DC4-8597-48D6-B01F-028AFC730DCA}.Release|Any CPU.Build.0 = Release|Any CPU
	EndGlobalSection
	GlobalSection(SolutionProperties) = preSolution
		HideSolutionNode = FALSE
	EndGlobalSection
	GlobalSection(ExtensibilityGlobals) = postSolution
		SolutionGuid = {587224DA-B4E9-415C-B0E8-6D7EC4FB0507}
	EndGlobalSection
EndGlobal
