
Microsoft Visual Studio Solution File, Format Version 12.00
# Visual Studio Version 17
VisualStudioVersion = 17.0.31903.59
MinimumVisualStudioVersion = 10.0.40219.1
Project("{FAE04EC0-301F-11D3-BF4B-00C04F79EFBC}") = "Binary Serialization Example", "Binary Serialization Example.csproj", "{FD4A0B98-735B-4F85-9470-CC608BDD40A9}"
EndProject
Global
	GlobalSection(SolutionConfigurationPlatforms) = preSolution
		Debug|Any CPU = Debug|Any CPU
		Release|Any CPU = Release|Any CPU
	EndGlobalSection
	GlobalSection(ProjectConfigurationPlatforms) = postSolution
		{FD4A0B98-735B-4F85-9470-CC608BDD40A9}.Debug|Any CPU.ActiveCfg = Debug|Any CPU
		{FD4A0B98-735B-4F85-9470-CC608BDD40A9}.Debug|Any CPU.Build.0 = Debug|Any CPU
		{FD4A0B98-735B-4F85-9470-CC608BDD40A9}.Release|Any CPU.ActiveCfg = Release|Any CPU
		{FD4A0B98-735B-4F85-9470-CC608BDD40A9}.Release|Any CPU.Build.0 = Release|Any CPU
	EndGlobalSection
	GlobalSection(SolutionProperties) = preSolution
		HideSolutionNode = FALSE
	EndGlobalSection
	GlobalSection(ExtensibilityGlobals) = postSolution
		SolutionGuid = {4C9FFADE-20C4-4791-95EF-040FB81A693D}
	EndGlobalSection
EndGlobal
