
Microsoft Visual Studio Solution File, Format Version 12.00
# Visual Studio Version 17
VisualStudioVersion = 17.0.31903.59
MinimumVisualStudioVersion = 10.0.40219.1
Project("{FAE04EC0-301F-11D3-BF4B-00C04F79EFBC}") = "Reflection with Custom Attributes", "Reflection with Custom Attributes.csproj", "{1A3B57E1-51B0-405C-BF8E-486A86FB917D}"
EndProject
Global
	GlobalSection(SolutionConfigurationPlatforms) = preSolution
		Debug|Any CPU = Debug|Any CPU
		Release|Any CPU = Release|Any CPU
	EndGlobalSection
	GlobalSection(ProjectConfigurationPlatforms) = postSolution
		{1A3B57E1-51B0-405C-BF8E-486A86FB917D}.Debug|Any CPU.ActiveCfg = Debug|Any CPU
		{1A3B57E1-51B0-405C-BF8E-486A86FB917D}.Debug|Any CPU.Build.0 = Debug|Any CPU
		{1A3B57E1-51B0-405C-BF8E-486A86FB917D}.Release|Any CPU.ActiveCfg = Release|Any CPU
		{1A3B57E1-51B0-405C-BF8E-486A86FB917D}.Release|Any CPU.Build.0 = Release|Any CPU
	EndGlobalSection
	GlobalSection(SolutionProperties) = preSolution
		HideSolutionNode = FALSE
	EndGlobalSection
	GlobalSection(ExtensibilityGlobals) = postSolution
		SolutionGuid = {EFD55F02-DD72-4717-92B9-955F1AC6518A}
	EndGlobalSection
EndGlobal
