
Microsoft Visual Studio Solution File, Format Version 12.00
# Visual Studio Version 17
VisualStudioVersion = 17.0.31903.59
MinimumVisualStudioVersion = 10.0.40219.1
Project("{FAE04EC0-301F-11D3-BF4B-00C04F79EFBC}") = "Logging Example", "Logging Example.csproj", "{D4FC5C30-64C0-44B1-9D11-32FC197E9BE5}"
EndProject
Global
	GlobalSection(SolutionConfigurationPlatforms) = preSolution
		Debug|Any CPU = Debug|Any CPU
		Release|Any CPU = Release|Any CPU
	EndGlobalSection
	GlobalSection(ProjectConfigurationPlatforms) = postSolution
		{D4FC5C30-64C0-44B1-9D11-32FC197E9BE5}.Debug|Any CPU.ActiveCfg = Debug|Any CPU
		{D4FC5C30-64C0-44B1-9D11-32FC197E9BE5}.Debug|Any CPU.Build.0 = Debug|Any CPU
		{D4FC5C30-64C0-44B1-9D11-32FC197E9BE5}.Release|Any CPU.ActiveCfg = Release|Any CPU
		{D4FC5C30-64C0-44B1-9D11-32FC197E9BE5}.Release|Any CPU.Build.0 = Release|Any CPU
	EndGlobalSection
	GlobalSection(SolutionProperties) = preSolution
		HideSolutionNode = FALSE
	EndGlobalSection
	GlobalSection(ExtensibilityGlobals) = postSolution
		SolutionGuid = {F02AB7B3-0BD5-4A84-BD08-8A2BFCF27DAB}
	EndGlobalSection
EndGlobal
