
Microsoft Visual Studio Solution File, Format Version 12.00
# Visual Studio Version 17
VisualStudioVersion = 17.0.31903.59
MinimumVisualStudioVersion = 10.0.40219.1
Project("{FAE04EC0-301F-11D3-BF4B-00C04F79EFBC}") = "Custom Attribute", "Custom Attribute.csproj", "{20CE027D-FA12-4008-943D-DAD73E6832FC}"
EndProject
Global
	GlobalSection(SolutionConfigurationPlatforms) = preSolution
		Debug|Any CPU = Debug|Any CPU
		Release|Any CPU = Release|Any CPU
	EndGlobalSection
	GlobalSection(ProjectConfigurationPlatforms) = postSolution
		{20CE027D-FA12-4008-943D-DAD73E6832FC}.Debug|Any CPU.ActiveCfg = Debug|Any CPU
		{20CE027D-FA12-4008-943D-DAD73E6832FC}.Debug|Any CPU.Build.0 = Debug|Any CPU
		{20CE027D-FA12-4008-943D-DAD73E6832FC}.Release|Any CPU.ActiveCfg = Release|Any CPU
		{20CE027D-FA12-4008-943D-DAD73E6832FC}.Release|Any CPU.Build.0 = Release|Any CPU
	EndGlobalSection
	GlobalSection(SolutionProperties) = preSolution
		HideSolutionNode = FALSE
	EndGlobalSection
	GlobalSection(ExtensibilityGlobals) = postSolution
		SolutionGuid = {2EBF7177-C807-4F93-8693-C7F212B400DB}
	EndGlobalSection
EndGlobal
